
Microsoft Visual Studio Solution File, Format Version 12.00
# Visual Studio 14
VisualStudioVersion = 14.0.25420.1
MinimumVisualStudioVersion = 10.0.40219.1
Project("{FAE04EC0-301F-11D3-BF4B-00C04F79EFBC}") = "SampleApp.Android", "SampleApp\SampleApp.Android\SampleApp.Android.csproj", "{88616E46-1A76-4FE2-8E71-66AC74247862}"
EndProject
Project("{FAE04EC0-301F-11D3-BF4B-00C04F79EFBC}") = "SampleApp", "SampleApp\SampleApp\SampleApp.csproj", "{F97F4322-76B3-4AD2-AB5A-18D79AE966F1}"
EndProject
Project("{FAE04EC0-301F-11D3-BF4B-00C04F79EFBC}") = "SampleApp.UWP", "SampleApp\SampleApp.UWP\SampleApp.UWP.csproj", "{B6DBF3C6-0919-4161-BE8C-4AF34E8CA109}"
EndProject
Project("{FAE04EC0-301F-11D3-BF4B-00C04F79EFBC}") = "SampleApp.iOS", "SampleApp\SampleApp.iOS\SampleApp.iOS.csproj", "{86B7A02D-39DF-4F08-BD91-BBA0A1336C68}"
EndProject
Global
	GlobalSection(SolutionConfigurationPlatforms) = preSolution
		Ad-Hoc|Any CPU = Ad-Hoc|Any CPU
		Ad-Hoc|ARM = Ad-Hoc|ARM
		Ad-Hoc|iPhone = Ad-Hoc|iPhone
		Ad-Hoc|iPhoneSimulator = Ad-Hoc|iPhoneSimulator
		Ad-Hoc|x64 = Ad-Hoc|x64
		Ad-Hoc|x86 = Ad-Hoc|x86
		AppStore|Any CPU = AppStore|Any CPU
		AppStore|ARM = AppStore|ARM
		AppStore|iPhone = AppStore|iPhone
		AppStore|iPhoneSimulator = AppStore|iPhoneSimulator
		AppStore|x64 = AppStore|x64
		AppStore|x86 = AppStore|x86
		Debug|Any CPU = Debug|Any CPU
		Debug|ARM = Debug|ARM
		Debug|iPhone = Debug|iPhone
		Debug|iPhoneSimulator = Debug|iPhoneSimulator
		Debug|x64 = Debug|x64
		Debug|x86 = Debug|x86
		Release|Any CPU = Release|Any CPU
		Release|ARM = Release|ARM
		Release|iPhone = Release|iPhone
		Release|iPhoneSimulator = Release|iPhoneSimulator
		Release|x64 = Release|x64
		Release|x86 = Release|x86
	EndGlobalSection
	GlobalSection(ProjectConfigurationPlatforms) = postSolution
		{88616E46-1A76-4FE2-8E71-66AC74247862}.Ad-Hoc|Any CPU.ActiveCfg = Release|Any CPU
		{88616E46-1A76-4FE2-8E71-66AC74247862}.Ad-Hoc|Any CPU.Build.0 = Release|Any CPU
		{88616E46-1A76-4FE2-8E71-66AC74247862}.Ad-Hoc|Any CPU.Deploy.0 = Release|Any CPU
		{88616E46-1A76-4FE2-8E71-66AC74247862}.Ad-Hoc|ARM.ActiveCfg = Release|Any CPU
		{88616E46-1A76-4FE2-8E71-66AC74247862}.Ad-Hoc|ARM.Build.0 = Release|Any CPU
		{88616E46-1A76-4FE2-8E71-66AC74247862}.Ad-Hoc|ARM.Deploy.0 = Release|Any CPU
		{88616E46-1A76-4FE2-8E71-66AC74247862}.Ad-Hoc|iPhone.ActiveCfg = Release|Any CPU
		{88616E46-1A76-4FE2-8E71-66AC74247862}.Ad-Hoc|iPhone.Build.0 = Release|Any CPU
		{88616E46-1A76-4FE2-8E71-66AC74247862}.Ad-Hoc|iPhone.Deploy.0 = Release|Any CPU
		{88616E46-1A76-4FE2-8E71-66AC74247862}.Ad-Hoc|iPhoneSimulator.ActiveCfg = Release|Any CPU
		{88616E46-1A76-4FE2-8E71-66AC74247862}.Ad-Hoc|iPhoneSimulator.Build.0 = Release|Any CPU
		{88616E46-1A76-4FE2-8E71-66AC74247862}.Ad-Hoc|iPhoneSimulator.Deploy.0 = Release|Any CPU
		{88616E46-1A76-4FE2-8E71-66AC74247862}.Ad-Hoc|x64.ActiveCfg = Release|Any CPU
		{88616E46-1A76-4FE2-8E71-66AC74247862}.Ad-Hoc|x64.Build.0 = Release|Any CPU
		{88616E46-1A76-4FE2-8E71-66AC74247862}.Ad-Hoc|x64.Deploy.0 = Release|Any CPU
		{88616E46-1A76-4FE2-8E71-66AC74247862}.Ad-Hoc|x86.ActiveCfg = Release|Any CPU
		{88616E46-1A76-4FE2-8E71-66AC74247862}.Ad-Hoc|x86.Build.0 = Release|Any CPU
		{88616E46-1A76-4FE2-8E71-66AC74247862}.Ad-Hoc|x86.Deploy.0 = Release|Any CPU
		{88616E46-1A76-4FE2-8E71-66AC74247862}.AppStore|Any CPU.ActiveCfg = Release|Any CPU
		{88616E46-1A76-4FE2-8E71-66AC74247862}.AppStore|Any CPU.Build.0 = Release|Any CPU
		{88616E46-1A76-4FE2-8E71-66AC74247862}.AppStore|Any CPU.Deploy.0 = Release|Any CPU
		{88616E46-1A76-4FE2-8E71-66AC74247862}.AppStore|ARM.ActiveCfg = Release|Any CPU
		{88616E46-1A76-4FE2-8E71-66AC74247862}.AppStore|ARM.Build.0 = Release|Any CPU
		{88616E46-1A76-4FE2-8E71-66AC74247862}.AppStore|ARM.Deploy.0 = Release|Any CPU
		{88616E46-1A76-4FE2-8E71-66AC74247862}.AppStore|iPhone.ActiveCfg = Release|Any CPU
		{88616E46-1A76-4FE2-8E71-66AC74247862}.AppStore|iPhone.Build.0 = Release|Any CPU
		{88616E46-1A76-4FE2-8E71-66AC74247862}.AppStore|iPhone.Deploy.0 = Release|Any CPU
		{88616E46-1A76-4FE2-8E71-66AC74247862}.AppStore|iPhoneSimulator.ActiveCfg = Release|Any CPU
		{88616E46-1A76-4FE2-8E71-66AC74247862}.AppStore|iPhoneSimulator.Build.0 = Release|Any CPU
		{88616E46-1A76-4FE2-8E71-66AC74247862}.AppStore|iPhoneSimulator.Deploy.0 = Release|Any CPU
		{88616E46-1A76-4FE2-8E71-66AC74247862}.AppStore|x64.ActiveCfg = Release|Any CPU
		{88616E46-1A76-4FE2-8E71-66AC74247862}.AppStore|x64.Build.0 = Release|Any CPU
		{88616E46-1A76-4FE2-8E71-66AC74247862}.AppStore|x64.Deploy.0 = Release|Any CPU
		{88616E46-1A76-4FE2-8E71-66AC74247862}.AppStore|x86.ActiveCfg = Release|Any CPU
		{88616E46-1A76-4FE2-8E71-66AC74247862}.AppStore|x86.Build.0 = Release|Any CPU
		{88616E46-1A76-4FE2-8E71-66AC74247862}.AppStore|x86.Deploy.0 = Release|Any CPU
		{88616E46-1A76-4FE2-8E71-66AC74247862}.Debug|Any CPU.ActiveCfg = Debug|Any CPU
		{88616E46-1A76-4FE2-8E71-66AC74247862}.Debug|Any CPU.Build.0 = Debug|Any CPU
		{88616E46-1A76-4FE2-8E71-66AC74247862}.Debug|Any CPU.Deploy.0 = Debug|Any CPU
		{88616E46-1A76-4FE2-8E71-66AC74247862}.Debug|ARM.ActiveCfg = Debug|Any CPU
		{88616E46-1A76-4FE2-8E71-66AC74247862}.Debug|ARM.Build.0 = Debug|Any CPU
		{88616E46-1A76-4FE2-8E71-66AC74247862}.Debug|ARM.Deploy.0 = Debug|Any CPU
		{88616E46-1A76-4FE2-8E71-66AC74247862}.Debug|iPhone.ActiveCfg = Debug|Any CPU
		{88616E46-1A76-4FE2-8E71-66AC74247862}.Debug|iPhone.Build.0 = Debug|Any CPU
		{88616E46-1A76-4FE2-8E71-66AC74247862}.Debug|iPhone.Deploy.0 = Debug|Any CPU
		{88616E46-1A76-4FE2-8E71-66AC74247862}.Debug|iPhoneSimulator.ActiveCfg = Debug|Any CPU
		{88616E46-1A76-4FE2-8E71-66AC74247862}.Debug|iPhoneSimulator.Build.0 = Debug|Any CPU
		{88616E46-1A76-4FE2-8E71-66AC74247862}.Debug|iPhoneSimulator.Deploy.0 = Debug|Any CPU
		{88616E46-1A76-4FE2-8E71-66AC74247862}.Debug|x64.ActiveCfg = Debug|Any CPU
		{88616E46-1A76-4FE2-8E71-66AC74247862}.Debug|x64.Build.0 = Debug|Any CPU
		{88616E46-1A76-4FE2-8E71-66AC74247862}.Debug|x64.Deploy.0 = Debug|Any CPU
		{88616E46-1A76-4FE2-8E71-66AC74247862}.Debug|x86.ActiveCfg = Debug|Any CPU
		{88616E46-1A76-4FE2-8E71-66AC74247862}.Debug|x86.Build.0 = Debug|Any CPU
		{88616E46-1A76-4FE2-8E71-66AC74247862}.Debug|x86.Deploy.0 = Debug|Any CPU
		{88616E46-1A76-4FE2-8E71-66AC74247862}.Release|Any CPU.ActiveCfg = Release|Any CPU
		{88616E46-1A76-4FE2-8E71-66AC74247862}.Release|Any CPU.Build.0 = Release|Any CPU
		{88616E46-1A76-4FE2-8E71-66AC74247862}.Release|Any CPU.Deploy.0 = Release|Any CPU
		{88616E46-1A76-4FE2-8E71-66AC74247862}.Release|ARM.ActiveCfg = Release|Any CPU
		{88616E46-1A76-4FE2-8E71-66AC74247862}.Release|ARM.Build.0 = Release|Any CPU
		{88616E46-1A76-4FE2-8E71-66AC74247862}.Release|ARM.Deploy.0 = Release|Any CPU
		{88616E46-1A76-4FE2-8E71-66AC74247862}.Release|iPhone.ActiveCfg = Release|Any CPU
		{88616E46-1A76-4FE2-8E71-66AC74247862}.Release|iPhone.Build.0 = Release|Any CPU
		{88616E46-1A76-4FE2-8E71-66AC74247862}.Release|iPhone.Deploy.0 = Release|Any CPU
		{88616E46-1A76-4FE2-8E71-66AC74247862}.Release|iPhoneSimulator.ActiveCfg = Release|Any CPU
		{88616E46-1A76-4FE2-8E71-66AC74247862}.Release|iPhoneSimulator.Build.0 = Release|Any CPU
		{88616E46-1A76-4FE2-8E71-66AC74247862}.Release|iPhoneSimulator.Deploy.0 = Release|Any CPU
		{88616E46-1A76-4FE2-8E71-66AC74247862}.Release|x64.ActiveCfg = Release|Any CPU
		{88616E46-1A76-4FE2-8E71-66AC74247862}.Release|x64.Build.0 = Release|Any CPU
		{88616E46-1A76-4FE2-8E71-66AC74247862}.Release|x64.Deploy.0 = Release|Any CPU
		{88616E46-1A76-4FE2-8E71-66AC74247862}.Release|x86.ActiveCfg = Release|Any CPU
		{88616E46-1A76-4FE2-8E71-66AC74247862}.Release|x86.Build.0 = Release|Any CPU
		{88616E46-1A76-4FE2-8E71-66AC74247862}.Release|x86.Deploy.0 = Release|Any CPU
		{F97F4322-76B3-4AD2-AB5A-18D79AE966F1}.Ad-Hoc|Any CPU.ActiveCfg = Release|Any CPU
		{F97F4322-76B3-4AD2-AB5A-18D79AE966F1}.Ad-Hoc|Any CPU.Build.0 = Release|Any CPU
		{F97F4322-76B3-4AD2-AB5A-18D79AE966F1}.Ad-Hoc|ARM.ActiveCfg = Release|Any CPU
		{F97F4322-76B3-4AD2-AB5A-18D79AE966F1}.Ad-Hoc|ARM.Build.0 = Release|Any CPU
		{F97F4322-76B3-4AD2-AB5A-18D79AE966F1}.Ad-Hoc|iPhone.ActiveCfg = Release|Any CPU
		{F97F4322-76B3-4AD2-AB5A-18D79AE966F1}.Ad-Hoc|iPhone.Build.0 = Release|Any CPU
		{F97F4322-76B3-4AD2-AB5A-18D79AE966F1}.Ad-Hoc|iPhoneSimulator.ActiveCfg = Release|Any CPU
		{F97F4322-76B3-4AD2-AB5A-18D79AE966F1}.Ad-Hoc|iPhoneSimulator.Build.0 = Release|Any CPU
		{F97F4322-76B3-4AD2-AB5A-18D79AE966F1}.Ad-Hoc|x64.ActiveCfg = Release|Any CPU
		{F97F4322-76B3-4AD2-AB5A-18D79AE966F1}.Ad-Hoc|x64.Build.0 = Release|Any CPU
		{F97F4322-76B3-4AD2-AB5A-18D79AE966F1}.Ad-Hoc|x86.ActiveCfg = Release|Any CPU
		{F97F4322-76B3-4AD2-AB5A-18D79AE966F1}.Ad-Hoc|x86.Build.0 = Release|Any CPU
		{F97F4322-76B3-4AD2-AB5A-18D79AE966F1}.AppStore|Any CPU.ActiveCfg = Release|Any CPU
		{F97F4322-76B3-4AD2-AB5A-18D79AE966F1}.AppStore|Any CPU.Build.0 = Release|Any CPU
		{F97F4322-76B3-4AD2-AB5A-18D79AE966F1}.AppStore|ARM.ActiveCfg = Release|Any CPU
		{F97F4322-76B3-4AD2-AB5A-18D79AE966F1}.AppStore|ARM.Build.0 = Release|Any CPU
		{F97F4322-76B3-4AD2-AB5A-18D79AE966F1}.AppStore|iPhone.ActiveCfg = Release|Any CPU
		{F97F4322-76B3-4AD2-AB5A-18D79AE966F1}.AppStore|iPhone.Build.0 = Release|Any CPU
		{F97F4322-76B3-4AD2-AB5A-18D79AE966F1}.AppStore|iPhoneSimulator.ActiveCfg = Release|Any CPU
		{F97F4322-76B3-4AD2-AB5A-18D79AE966F1}.AppStore|iPhoneSimulator.Build.0 = Release|Any CPU
		{F97F4322-76B3-4AD2-AB5A-18D79AE966F1}.AppStore|x64.ActiveCfg = Release|Any CPU
		{F97F4322-76B3-4AD2-AB5A-18D79AE966F1}.AppStore|x64.Build.0 = Release|Any CPU
		{F97F4322-76B3-4AD2-AB5A-18D79AE966F1}.AppStore|x86.ActiveCfg = Release|Any CPU
		{F97F4322-76B3-4AD2-AB5A-18D79AE966F1}.AppStore|x86.Build.0 = Release|Any CPU
		{F97F4322-76B3-4AD2-AB5A-18D79AE966F1}.Debug|Any CPU.ActiveCfg = Debug|Any CPU
		{F97F4322-76B3-4AD2-AB5A-18D79AE966F1}.Debug|Any CPU.Build.0 = Debug|Any CPU
		{F97F4322-76B3-4AD2-AB5A-18D79AE966F1}.Debug|ARM.ActiveCfg = Debug|Any CPU
		{F97F4322-76B3-4AD2-AB5A-18D79AE966F1}.Debug|ARM.Build.0 = Debug|Any CPU
		{F97F4322-76B3-4AD2-AB5A-18D79AE966F1}.Debug|iPhone.ActiveCfg = Debug|Any CPU
		{F97F4322-76B3-4AD2-AB5A-18D79AE966F1}.Debug|iPhone.Build.0 = Debug|Any CPU
		{F97F4322-76B3-4AD2-AB5A-18D79AE966F1}.Debug|iPhoneSimulator.ActiveCfg = Debug|Any CPU
		{F97F4322-76B3-4AD2-AB5A-18D79AE966F1}.Debug|iPhoneSimulator.Build.0 = Debug|Any CPU
		{F97F4322-76B3-4AD2-AB5A-18D79AE966F1}.Debug|x64.ActiveCfg = Debug|Any CPU
		{F97F4322-76B3-4AD2-AB5A-18D79AE966F1}.Debug|x64.Build.0 = Debug|Any CPU
		{F97F4322-76B3-4AD2-AB5A-18D79AE966F1}.Debug|x86.ActiveCfg = Debug|Any CPU
		{F97F4322-76B3-4AD2-AB5A-18D79AE966F1}.Debug|x86.Build.0 = Debug|Any CPU
		{F97F4322-76B3-4AD2-AB5A-18D79AE966F1}.Release|Any CPU.ActiveCfg = Release|Any CPU
		{F97F4322-76B3-4AD2-AB5A-18D79AE966F1}.Release|Any CPU.Build.0 = Release|Any CPU
		{F97F4322-76B3-4AD2-AB5A-18D79AE966F1}.Release|ARM.ActiveCfg = Release|Any CPU
		{F97F4322-76B3-4AD2-AB5A-18D79AE966F1}.Release|ARM.Build.0 = Release|Any CPU
		{F97F4322-76B3-4AD2-AB5A-18D79AE966F1}.Release|iPhone.ActiveCfg = Release|Any CPU
		{F97F4322-76B3-4AD2-AB5A-18D79AE966F1}.Release|iPhone.Build.0 = Release|Any CPU
		{F97F4322-76B3-4AD2-AB5A-18D79AE966F1}.Release|iPhoneSimulator.ActiveCfg = Release|Any CPU
		{F97F4322-76B3-4AD2-AB5A-18D79AE966F1}.Release|iPhoneSimulator.Build.0 = Release|Any CPU
		{F97F4322-76B3-4AD2-AB5A-18D79AE966F1}.Release|x64.ActiveCfg = Release|Any CPU
		{F97F4322-76B3-4AD2-AB5A-18D79AE966F1}.Release|x64.Build.0 = Release|Any CPU
		{F97F4322-76B3-4AD2-AB5A-18D79AE966F1}.Release|x86.ActiveCfg = Release|Any CPU
		{F97F4322-76B3-4AD2-AB5A-18D79AE966F1}.Release|x86.Build.0 = Release|Any CPU
		{B6DBF3C6-0919-4161-BE8C-4AF34E8CA109}.Ad-Hoc|Any CPU.ActiveCfg = Release|x86
		{B6DBF3C6-0919-4161-BE8C-4AF34E8CA109}.Ad-Hoc|Any CPU.Build.0 = Release|x86
		{B6DBF3C6-0919-4161-BE8C-4AF34E8CA109}.Ad-Hoc|Any CPU.Deploy.0 = Release|x86
		{B6DBF3C6-0919-4161-BE8C-4AF34E8CA109}.Ad-Hoc|ARM.ActiveCfg = Release|ARM
		{B6DBF3C6-0919-4161-BE8C-4AF34E8CA109}.Ad-Hoc|ARM.Build.0 = Release|ARM
		{B6DBF3C6-0919-4161-BE8C-4AF34E8CA109}.Ad-Hoc|ARM.Deploy.0 = Release|ARM
		{B6DBF3C6-0919-4161-BE8C-4AF34E8CA109}.Ad-Hoc|iPhone.ActiveCfg = Release|x86
		{B6DBF3C6-0919-4161-BE8C-4AF34E8CA109}.Ad-Hoc|iPhone.Build.0 = Release|x86
		{B6DBF3C6-0919-4161-BE8C-4AF34E8CA109}.Ad-Hoc|iPhone.Deploy.0 = Release|x86
		{B6DBF3C6-0919-4161-BE8C-4AF34E8CA109}.Ad-Hoc|iPhoneSimulator.ActiveCfg = Release|x86
		{B6DBF3C6-0919-4161-BE8C-4AF34E8CA109}.Ad-Hoc|iPhoneSimulator.Build.0 = Release|x86
		{B6DBF3C6-0919-4161-BE8C-4AF34E8CA109}.Ad-Hoc|iPhoneSimulator.Deploy.0 = Release|x86
		{B6DBF3C6-0919-4161-BE8C-4AF34E8CA109}.Ad-Hoc|x64.ActiveCfg = Release|x64
		{B6DBF3C6-0919-4161-BE8C-4AF34E8CA109}.Ad-Hoc|x64.Build.0 = Release|x64
		{B6DBF3C6-0919-4161-BE8C-4AF34E8CA109}.Ad-Hoc|x64.Deploy.0 = Release|x64
		{B6DBF3C6-0919-4161-BE8C-4AF34E8CA109}.Ad-Hoc|x86.ActiveCfg = Release|x86
		{B6DBF3C6-0919-4161-BE8C-4AF34E8CA109}.Ad-Hoc|x86.Build.0 = Release|x86
		{B6DBF3C6-0919-4161-BE8C-4AF34E8CA109}.Ad-Hoc|x86.Deploy.0 = Release|x86
		{B6DBF3C6-0919-4161-BE8C-4AF34E8CA109}.AppStore|Any CPU.ActiveCfg = Release|x86
		{B6DBF3C6-0919-4161-BE8C-4AF34E8CA109}.AppStore|Any CPU.Build.0 = Release|x86
		{B6DBF3C6-0919-4161-BE8C-4AF34E8CA109}.AppStore|Any CPU.Deploy.0 = Release|x86
		{B6DBF3C6-0919-4161-BE8C-4AF34E8CA109}.AppStore|ARM.ActiveCfg = Release|ARM
		{B6DBF3C6-0919-4161-BE8C-4AF34E8CA109}.AppStore|ARM.Build.0 = Release|ARM
		{B6DBF3C6-0919-4161-BE8C-4AF34E8CA109}.AppStore|ARM.Deploy.0 = Release|ARM
		{B6DBF3C6-0919-4161-BE8C-4AF34E8CA109}.AppStore|iPhone.ActiveCfg = Release|x86
		{B6DBF3C6-0919-4161-BE8C-4AF34E8CA109}.AppStore|iPhone.Build.0 = Release|x86
		{B6DBF3C6-0919-4161-BE8C-4AF34E8CA109}.AppStore|iPhone.Deploy.0 = Release|x86
		{B6DBF3C6-0919-4161-BE8C-4AF34E8CA109}.AppStore|iPhoneSimulator.ActiveCfg = Release|x86
		{B6DBF3C6-0919-4161-BE8C-4AF34E8CA109}.AppStore|iPhoneSimulator.Build.0 = Release|x86
		{B6DBF3C6-0919-4161-BE8C-4AF34E8CA109}.AppStore|iPhoneSimulator.Deploy.0 = Release|x86
		{B6DBF3C6-0919-4161-BE8C-4AF34E8CA109}.AppStore|x64.ActiveCfg = Release|x64
		{B6DBF3C6-0919-4161-BE8C-4AF34E8CA109}.AppStore|x64.Build.0 = Release|x64
		{B6DBF3C6-0919-4161-BE8C-4AF34E8CA109}.AppStore|x64.Deploy.0 = Release|x64
		{B6DBF3C6-0919-4161-BE8C-4AF34E8CA109}.AppStore|x86.ActiveCfg = Release|x86
		{B6DBF3C6-0919-4161-BE8C-4AF34E8CA109}.AppStore|x86.Build.0 = Release|x86
		{B6DBF3C6-0919-4161-BE8C-4AF34E8CA109}.AppStore|x86.Deploy.0 = Release|x86
		{B6DBF3C6-0919-4161-BE8C-4AF34E8CA109}.Debug|Any CPU.ActiveCfg = Debug|x86
		{B6DBF3C6-0919-4161-BE8C-4AF34E8CA109}.Debug|ARM.ActiveCfg = Debug|ARM
		{B6DBF3C6-0919-4161-BE8C-4AF34E8CA109}.Debug|ARM.Build.0 = Debug|ARM
		{B6DBF3C6-0919-4161-BE8C-4AF34E8CA109}.Debug|ARM.Deploy.0 = Debug|ARM
		{B6DBF3C6-0919-4161-BE8C-4AF34E8CA109}.Debug|iPhone.ActiveCfg = Debug|x86
		{B6DBF3C6-0919-4161-BE8C-4AF34E8CA109}.Debug|iPhoneSimulator.ActiveCfg = Debug|x86
		{B6DBF3C6-0919-4161-BE8C-4AF34E8CA109}.Debug|x64.ActiveCfg = Debug|x64
		{B6DBF3C6-0919-4161-BE8C-4AF34E8CA109}.Debug|x64.Build.0 = Debug|x64
		{B6DBF3C6-0919-4161-BE8C-4AF34E8CA109}.Debug|x64.Deploy.0 = Debug|x64
		{B6DBF3C6-0919-4161-BE8C-4AF34E8CA109}.Debug|x86.ActiveCfg = Debug|x86
		{B6DBF3C6-0919-4161-BE8C-4AF34E8CA109}.Debug|x86.Build.0 = Debug|x86
		{B6DBF3C6-0919-4161-BE8C-4AF34E8CA109}.Debug|x86.Deploy.0 = Debug|x86
		{B6DBF3C6-0919-4161-BE8C-4AF34E8CA109}.Release|Any CPU.ActiveCfg = Release|x86
		{B6DBF3C6-0919-4161-BE8C-4AF34E8CA109}.Release|ARM.ActiveCfg = Release|ARM
		{B6DBF3C6-0919-4161-BE8C-4AF34E8CA109}.Release|ARM.Build.0 = Release|ARM
		{B6DBF3C6-0919-4161-BE8C-4AF34E8CA109}.Release|ARM.Deploy.0 = Release|ARM
		{B6DBF3C6-0919-4161-BE8C-4AF34E8CA109}.Release|iPhone.ActiveCfg = Release|x86
		{B6DBF3C6-0919-4161-BE8C-4AF34E8CA109}.Release|iPhoneSimulator.ActiveCfg = Release|x86
		{B6DBF3C6-0919-4161-BE8C-4AF34E8CA109}.Release|x64.ActiveCfg = Release|x64
		{B6DBF3C6-0919-4161-BE8C-4AF34E8CA109}.Release|x64.Build.0 = Release|x64
		{B6DBF3C6-0919-4161-BE8C-4AF34E8CA109}.Release|x64.Deploy.0 = Release|x64
		{B6DBF3C6-0919-4161-BE8C-4AF34E8CA109}.Release|x86.ActiveCfg = Release|x86
		{B6DBF3C6-0919-4161-BE8C-4AF34E8CA109}.Release|x86.Build.0 = Release|x86
		{B6DBF3C6-0919-4161-BE8C-4AF34E8CA109}.Release|x86.Deploy.0 = Release|x86
		{86B7A02D-39DF-4F08-BD91-BBA0A1336C68}.Ad-Hoc|Any CPU.ActiveCfg = Ad-Hoc|iPhone
		{86B7A02D-39DF-4F08-BD91-BBA0A1336C68}.Ad-Hoc|ARM.ActiveCfg = Ad-Hoc|iPhone
		{86B7A02D-39DF-4F08-BD91-BBA0A1336C68}.Ad-Hoc|iPhone.ActiveCfg = Ad-Hoc|iPhone
		{86B7A02D-39DF-4F08-BD91-BBA0A1336C68}.Ad-Hoc|iPhone.Build.0 = Ad-Hoc|iPhone
		{86B7A02D-39DF-4F08-BD91-BBA0A1336C68}.Ad-Hoc|iPhoneSimulator.ActiveCfg = Ad-Hoc|iPhoneSimulator
		{86B7A02D-39DF-4F08-BD91-BBA0A1336C68}.Ad-Hoc|iPhoneSimulator.Build.0 = Ad-Hoc|iPhoneSimulator
		{86B7A02D-39DF-4F08-BD91-BBA0A1336C68}.Ad-Hoc|x64.ActiveCfg = Ad-Hoc|iPhone
		{86B7A02D-39DF-4F08-BD91-BBA0A1336C68}.Ad-Hoc|x86.ActiveCfg = Ad-Hoc|iPhone
		{86B7A02D-39DF-4F08-BD91-BBA0A1336C68}.AppStore|Any CPU.ActiveCfg = AppStore|iPhone
		{86B7A02D-39DF-4F08-BD91-BBA0A1336C68}.AppStore|ARM.ActiveCfg = AppStore|iPhone
		{86B7A02D-39DF-4F08-BD91-BBA0A1336C68}.AppStore|iPhone.ActiveCfg = AppStore|iPhone
		{86B7A02D-39DF-4F08-BD91-BBA0A1336C68}.AppStore|iPhone.Build.0 = AppStore|iPhone
		{86B7A02D-39DF-4F08-BD91-BBA0A1336C68}.AppStore|iPhoneSimulator.ActiveCfg = AppStore|iPhoneSimulator
		{86B7A02D-39DF-4F08-BD91-BBA0A1336C68}.AppStore|iPhoneSimulator.Build.0 = AppStore|iPhoneSimulator
		{86B7A02D-39DF-4F08-BD91-BBA0A1336C68}.AppStore|x64.ActiveCfg = AppStore|iPhone
		{86B7A02D-39DF-4F08-BD91-BBA0A1336C68}.AppStore|x86.ActiveCfg = AppStore|iPhone
		{86B7A02D-39DF-4F08-BD91-BBA0A1336C68}.Debug|Any CPU.ActiveCfg = Debug|iPhone
		{86B7A02D-39DF-4F08-BD91-BBA0A1336C68}.Debug|ARM.ActiveCfg = Debug|iPhone
		{86B7A02D-39DF-4F08-BD91-BBA0A1336C68}.Debug|iPhone.ActiveCfg = Debug|iPhone
		{86B7A02D-39DF-4F08-BD91-BBA0A1336C68}.Debug|iPhone.Build.0 = Debug|iPhone
		{86B7A02D-39DF-4F08-BD91-BBA0A1336C68}.Debug|iPhoneSimulator.ActiveCfg = Debug|iPhoneSimulator
		{86B7A02D-39DF-4F08-BD91-BBA0A1336C68}.Debug|iPhoneSimulator.Build.0 = Debug|iPhoneSimulator
		{86B7A02D-39DF-4F08-BD91-BBA0A1336C68}.Debug|x64.ActiveCfg = Debug|iPhone
		{86B7A02D-39DF-4F08-BD91-BBA0A1336C68}.Debug|x86.ActiveCfg = Debug|iPhone
		{86B7A02D-39DF-4F08-BD91-BBA0A1336C68}.Release|Any CPU.ActiveCfg = Release|iPhone
		{86B7A02D-39DF-4F08-BD91-BBA0A1336C68}.Release|ARM.ActiveCfg = Release|iPhone
		{86B7A02D-39DF-4F08-BD91-BBA0A1336C68}.Release|iPhone.ActiveCfg = Release|iPhone
		{86B7A02D-39DF-4F08-BD91-BBA0A1336C68}.Release|iPhone.Build.0 = Release|iPhone
		{86B7A02D-39DF-4F08-BD91-BBA0A1336C68}.Release|iPhoneSimulator.ActiveCfg = Release|iPhoneSimulator
		{86B7A02D-39DF-4F08-BD91-BBA0A1336C68}.Release|iPhoneSimulator.Build.0 = Release|iPhoneSimulator
		{86B7A02D-39DF-4F08-BD91-BBA0A1336C68}.Release|x64.ActiveCfg = Release|iPhone
		{86B7A02D-39DF-4F08-BD91-BBA0A1336C68}.Release|x86.ActiveCfg = Release|iPhone
	EndGlobalSection
	GlobalSection(SolutionProperties) = preSolution
		HideSolutionNode = FALSE
	EndGlobalSection
EndGlobal
